
Microsoft Visual Studio Solution File, Format Version 12.00
# Visual Studio 15
Project("{FAE04EC0-301F-11D3-BF4B-00C04F79EFBC}") = "MoonSharp", "MoonSharp.csproj", "{45165F0E-F38D-84F6-A6E4-D59103634D8F}"
EndProject
Project("{FAE04EC0-301F-11D3-BF4B-00C04F79EFBC}") = "Mirror.Examples", "Mirror.Examples.csproj", "{B99DA412-39B5-6A92-31E9-B7963963AF0D}"
EndProject
Project("{FAE04EC0-301F-11D3-BF4B-00C04F79EFBC}") = "Mirror", "Mirror.csproj", "{B7E1EA05-3864-CA56-F4A0-F6A85DD6EEE1}"
EndProject
Project("{FAE04EC0-301F-11D3-BF4B-00C04F79EFBC}") = "Tayx.Graphy", "Tayx.Graphy.csproj", "{8E06835B-C2DE-3AF3-74F7-56D31C33372E}"
EndProject
Project("{FAE04EC0-301F-11D3-BF4B-00C04F79EFBC}") = "Telepathy", "Telepathy.csproj", "{40CC9654-EAE6-0CB9-B161-5ADE8137A7C5}"
EndProject
Project("{FAE04EC0-301F-11D3-BF4B-00C04F79EFBC}") = "Mirror.Components", "Mirror.Components.csproj", "{C4A089D6-E12D-957D-23CA-8892B4E3A07F}"
EndProject
Project("{FAE04EC0-301F-11D3-BF4B-00C04F79EFBC}") = "Assembly-CSharp-firstpass", "Assembly-CSharp-firstpass.csproj", "{6457308E-2CC1-90C1-ADDE-9D724495AC80}"
EndProject
Project("{FAE04EC0-301F-11D3-BF4B-00C04F79EFBC}") = "VoxelCraft", "VoxelCraft.csproj", "{62868270-1C66-B747-6AF0-E477F6F0A926}"
EndProject
Project("{FAE04EC0-301F-11D3-BF4B-00C04F79EFBC}") = "kcp2k", "kcp2k.csproj", "{E5255D18-3A2C-7E28-A7CE-5C38B0AF1B0F}"
EndProject
Project("{FAE04EC0-301F-11D3-BF4B-00C04F79EFBC}") = "Assembly-CSharp", "Assembly-CSharp.csproj", "{E8DF6A7A-8763-827A-4851-9CDDB90DF702}"
EndProject
Project("{FAE04EC0-301F-11D3-BF4B-00C04F79EFBC}") = "SimpleWebTransport", "SimpleWebTransport.csproj", "{21DB1112-04D6-DC19-B159-C096BE6F9A9C}"
EndProject
Project("{FAE04EC0-301F-11D3-BF4B-00C04F79EFBC}") = "where-allocations", "where-allocations.csproj", "{95BAD633-5CB1-6550-A35B-AB92329C87B1}"
EndProject
Project("{FAE04EC0-301F-11D3-BF4B-00C04F79EFBC}") = "Mirror.Authenticators", "Mirror.Authenticators.csproj", "{65FECF1E-9400-96EB-C8F8-8B36EC9704BD}"
EndProject
Project("{FAE04EC0-301F-11D3-BF4B-00C04F79EFBC}") = "Tayx.Graphy.Editor", "Tayx.Graphy.Editor.csproj", "{09A5EEA0-B511-3C74-63E0-71B1F8EECB0A}"
EndProject
Project("{FAE04EC0-301F-11D3-BF4B-00C04F79EFBC}") = "Unity.Mirror.CodeGen", "Unity.Mirror.CodeGen.csproj", "{7B18650D-17CE-10A3-CBCF-5FA5CF2F4E3D}"
EndProject
Project("{FAE04EC0-301F-11D3-BF4B-00C04F79EFBC}") = "Assembly-CSharp-Editor-firstpass", "Assembly-CSharp-Editor-firstpass.csproj", "{E58D9CBC-3774-77C0-4F7F-4C7FA6A7A2E0}"
EndProject
Project("{FAE04EC0-301F-11D3-BF4B-00C04F79EFBC}") = "Mirror.Editor", "Mirror.Editor.csproj", "{C8D77B6F-CF1E-C7F6-30F8-8CF916A6E33C}"
EndProject
Project("{FAE04EC0-301F-11D3-BF4B-00C04F79EFBC}") = "Mirror.CompilerSymbols", "Mirror.CompilerSymbols.csproj", "{31DE8AFE-6D71-F5D0-7AB7-C0CE02C5EA75}"
EndProject
Project("{FAE04EC0-301F-11D3-BF4B-00C04F79EFBC}") = "Assembly-CSharp-Editor", "Assembly-CSharp-Editor.csproj", "{1C6D628C-5AB9-1F7D-803F-9AB806B5CAAE}"
EndProject
Global
	GlobalSection(SolutionConfigurationPlatforms) = preSolution
		Debug|Any CPU = Debug|Any CPU
		Release|Any CPU = Release|Any CPU
	EndGlobalSection
	GlobalSection(ProjectConfigurationPlatforms) = postSolution
		{45165F0E-F38D-84F6-A6E4-D59103634D8F}.Debug|Any CPU.ActiveCfg = Debug|Any CPU
		{45165F0E-F38D-84F6-A6E4-D59103634D8F}.Debug|Any CPU.Build.0 = Debug|Any CPU
		{45165F0E-F38D-84F6-A6E4-D59103634D8F}.Release|Any CPU.ActiveCfg = Release|Any CPU
		{45165F0E-F38D-84F6-A6E4-D59103634D8F}.Release|Any CPU.Build.0 = Release|Any CPU
		{B99DA412-39B5-6A92-31E9-B7963963AF0D}.Debug|Any CPU.ActiveCfg = Debug|Any CPU
		{B99DA412-39B5-6A92-31E9-B7963963AF0D}.Debug|Any CPU.Build.0 = Debug|Any CPU
		{B99DA412-39B5-6A92-31E9-B7963963AF0D}.Release|Any CPU.ActiveCfg = Release|Any CPU
		{B99DA412-39B5-6A92-31E9-B7963963AF0D}.Release|Any CPU.Build.0 = Release|Any CPU
		{B7E1EA05-3864-CA56-F4A0-F6A85DD6EEE1}.Debug|Any CPU.ActiveCfg = Debug|Any CPU
		{B7E1EA05-3864-CA56-F4A0-F6A85DD6EEE1}.Debug|Any CPU.Build.0 = Debug|Any CPU
		{B7E1EA05-3864-CA56-F4A0-F6A85DD6EEE1}.Release|Any CPU.ActiveCfg = Release|Any CPU
		{B7E1EA05-3864-CA56-F4A0-F6A85DD6EEE1}.Release|Any CPU.Build.0 = Release|Any CPU
		{8E06835B-C2DE-3AF3-74F7-56D31C33372E}.Debug|Any CPU.ActiveCfg = Debug|Any CPU
		{8E06835B-C2DE-3AF3-74F7-56D31C33372E}.Debug|Any CPU.Build.0 = Debug|Any CPU
		{8E06835B-C2DE-3AF3-74F7-56D31C33372E}.Release|Any CPU.ActiveCfg = Release|Any CPU
		{8E06835B-C2DE-3AF3-74F7-56D31C33372E}.Release|Any CPU.Build.0 = Release|Any CPU
		{40CC9654-EAE6-0CB9-B161-5ADE8137A7C5}.Debug|Any CPU.ActiveCfg = Debug|Any CPU
		{40CC9654-EAE6-0CB9-B161-5ADE8137A7C5}.Debug|Any CPU.Build.0 = Debug|Any CPU
		{40CC9654-EAE6-0CB9-B161-5ADE8137A7C5}.Release|Any CPU.ActiveCfg = Release|Any CPU
		{40CC9654-EAE6-0CB9-B161-5ADE8137A7C5}.Release|Any CPU.Build.0 = Release|Any CPU
		{C4A089D6-E12D-957D-23CA-8892B4E3A07F}.Debug|Any CPU.ActiveCfg = Debug|Any CPU
		{C4A089D6-E12D-957D-23CA-8892B4E3A07F}.Debug|Any CPU.Build.0 = Debug|Any CPU
		{C4A089D6-E12D-957D-23CA-8892B4E3A07F}.Release|Any CPU.ActiveCfg = Release|Any CPU
		{C4A089D6-E12D-957D-23CA-8892B4E3A07F}.Release|Any CPU.Build.0 = Release|Any CPU
		{6457308E-2CC1-90C1-ADDE-9D724495AC80}.Debug|Any CPU.ActiveCfg = Debug|Any CPU
		{6457308E-2CC1-90C1-ADDE-9D724495AC80}.Debug|Any CPU.Build.0 = Debug|Any CPU
		{6457308E-2CC1-90C1-ADDE-9D724495AC80}.Release|Any CPU.ActiveCfg = Release|Any CPU
		{6457308E-2CC1-90C1-ADDE-9D724495AC80}.Release|Any CPU.Build.0 = Release|Any CPU
		{62868270-1C66-B747-6AF0-E477F6F0A926}.Debug|Any CPU.ActiveCfg = Debug|Any CPU
		{62868270-1C66-B747-6AF0-E477F6F0A926}.Debug|Any CPU.Build.0 = Debug|Any CPU
		{62868270-1C66-B747-6AF0-E477F6F0A926}.Release|Any CPU.ActiveCfg = Release|Any CPU
		{62868270-1C66-B747-6AF0-E477F6F0A926}.Release|Any CPU.Build.0 = Release|Any CPU
		{E5255D18-3A2C-7E28-A7CE-5C38B0AF1B0F}.Debug|Any CPU.ActiveCfg = Debug|Any CPU
		{E5255D18-3A2C-7E28-A7CE-5C38B0AF1B0F}.Debug|Any CPU.Build.0 = Debug|Any CPU
		{E5255D18-3A2C-7E28-A7CE-5C38B0AF1B0F}.Release|Any CPU.ActiveCfg = Release|Any CPU
		{E5255D18-3A2C-7E28-A7CE-5C38B0AF1B0F}.Release|Any CPU.Build.0 = Release|Any CPU
		{E8DF6A7A-8763-827A-4851-9CDDB90DF702}.Debug|Any CPU.ActiveCfg = Debug|Any CPU
		{E8DF6A7A-8763-827A-4851-9CDDB90DF702}.Debug|Any CPU.Build.0 = Debug|Any CPU
		{E8DF6A7A-8763-827A-4851-9CDDB90DF702}.Release|Any CPU.ActiveCfg = Release|Any CPU
		{E8DF6A7A-8763-827A-4851-9CDDB90DF702}.Release|Any CPU.Build.0 = Release|Any CPU
		{21DB1112-04D6-DC19-B159-C096BE6F9A9C}.Debug|Any CPU.ActiveCfg = Debug|Any CPU
		{21DB1112-04D6-DC19-B159-C096BE6F9A9C}.Debug|Any CPU.Build.0 = Debug|Any CPU
		{21DB1112-04D6-DC19-B159-C096BE6F9A9C}.Release|Any CPU.ActiveCfg = Release|Any CPU
		{21DB1112-04D6-DC19-B159-C096BE6F9A9C}.Release|Any CPU.Build.0 = Release|Any CPU
		{95BAD633-5CB1-6550-A35B-AB92329C87B1}.Debug|Any CPU.ActiveCfg = Debug|Any CPU
		{95BAD633-5CB1-6550-A35B-AB92329C87B1}.Debug|Any CPU.Build.0 = Debug|Any CPU
		{95BAD633-5CB1-6550-A35B-AB92329C87B1}.Release|Any CPU.ActiveCfg = Release|Any CPU
		{95BAD633-5CB1-6550-A35B-AB92329C87B1}.Release|Any CPU.Build.0 = Release|Any CPU
		{65FECF1E-9400-96EB-C8F8-8B36EC9704BD}.Debug|Any CPU.ActiveCfg = Debug|Any CPU
		{65FECF1E-9400-96EB-C8F8-8B36EC9704BD}.Debug|Any CPU.Build.0 = Debug|Any CPU
		{65FECF1E-9400-96EB-C8F8-8B36EC9704BD}.Release|Any CPU.ActiveCfg = Release|Any CPU
		{65FECF1E-9400-96EB-C8F8-8B36EC9704BD}.Release|Any CPU.Build.0 = Release|Any CPU
		{09A5EEA0-B511-3C74-63E0-71B1F8EECB0A}.Debug|Any CPU.ActiveCfg = Debug|Any CPU
		{09A5EEA0-B511-3C74-63E0-71B1F8EECB0A}.Debug|Any CPU.Build.0 = Debug|Any CPU
		{09A5EEA0-B511-3C74-63E0-71B1F8EECB0A}.Release|Any CPU.ActiveCfg = Release|Any CPU
		{09A5EEA0-B511-3C74-63E0-71B1F8EECB0A}.Release|Any CPU.Build.0 = Release|Any CPU
		{7B18650D-17CE-10A3-CBCF-5FA5CF2F4E3D}.Debug|Any CPU.ActiveCfg = Debug|Any CPU
		{7B18650D-17CE-10A3-CBCF-5FA5CF2F4E3D}.Debug|Any CPU.Build.0 = Debug|Any CPU
		{7B18650D-17CE-10A3-CBCF-5FA5CF2F4E3D}.Release|Any CPU.ActiveCfg = Release|Any CPU
		{7B18650D-17CE-10A3-CBCF-5FA5CF2F4E3D}.Release|Any CPU.Build.0 = Release|Any CPU
		{E58D9CBC-3774-77C0-4F7F-4C7FA6A7A2E0}.Debug|Any CPU.ActiveCfg = Debug|Any CPU
		{E58D9CBC-3774-77C0-4F7F-4C7FA6A7A2E0}.Debug|Any CPU.Build.0 = Debug|Any CPU
		{E58D9CBC-3774-77C0-4F7F-4C7FA6A7A2E0}.Release|Any CPU.ActiveCfg = Release|Any CPU
		{E58D9CBC-3774-77C0-4F7F-4C7FA6A7A2E0}.Release|Any CPU.Build.0 = Release|Any CPU
		{C8D77B6F-CF1E-C7F6-30F8-8CF916A6E33C}.Debug|Any CPU.ActiveCfg = Debug|Any CPU
		{C8D77B6F-CF1E-C7F6-30F8-8CF916A6E33C}.Debug|Any CPU.Build.0 = Debug|Any CPU
		{C8D77B6F-CF1E-C7F6-30F8-8CF916A6E33C}.Release|Any CPU.ActiveCfg = Release|Any CPU
		{C8D77B6F-CF1E-C7F6-30F8-8CF916A6E33C}.Release|Any CPU.Build.0 = Release|Any CPU
		{31DE8AFE-6D71-F5D0-7AB7-C0CE02C5EA75}.Debug|Any CPU.ActiveCfg = Debug|Any CPU
		{31DE8AFE-6D71-F5D0-7AB7-C0CE02C5EA75}.Debug|Any CPU.Build.0 = Debug|Any CPU
		{31DE8AFE-6D71-F5D0-7AB7-C0CE02C5EA75}.Release|Any CPU.ActiveCfg = Release|Any CPU
		{31DE8AFE-6D71-F5D0-7AB7-C0CE02C5EA75}.Release|Any CPU.Build.0 = Release|Any CPU
		{1C6D628C-5AB9-1F7D-803F-9AB806B5CAAE}.Debug|Any CPU.ActiveCfg = Debug|Any CPU
		{1C6D628C-5AB9-1F7D-803F-9AB806B5CAAE}.Debug|Any CPU.Build.0 = Debug|Any CPU
		{1C6D628C-5AB9-1F7D-803F-9AB806B5CAAE}.Release|Any CPU.ActiveCfg = Release|Any CPU
		{1C6D628C-5AB9-1F7D-803F-9AB806B5CAAE}.Release|Any CPU.Build.0 = Release|Any CPU
	EndGlobalSection
	GlobalSection(SolutionProperties) = preSolution
		HideSolutionNode = FALSE
	EndGlobalSection
EndGlobal
